
Microsoft Visual Studio Solution File, Format Version 12.00
# Visual Studio Version 17
VisualStudioVersion = 17.4.33213.308
MinimumVisualStudioVersion = 10.0.40219.1
Project("{2150E333-8FDC-42A3-9474-1A3956D46DE8}") = "Platforms", "Platforms", "{B2C9DCC7-C6D0-4448-BA04-399B4728824E}"
EndProject
Project("{9A19103F-16F7-4668-BE54-9A1E7A4F7556}") = "SampleApp", "SampleApp\SampleApp\SampleApp.csproj", "{9E6C7C4D-3B61-4E62-992F-FC0A6C75EAD7}"
EndProject
Project("{9A19103F-16F7-4668-BE54-9A1E7A4F7556}") = "SampleApp.Wasm", "SampleApp\SampleApp.Wasm\SampleApp.Wasm.csproj", "{000B880A-70B2-4F63-9729-02E4D201406D}"
EndProject
Project("{9A19103F-16F7-4668-BE54-9A1E7A4F7556}") = "SampleApp.Windows", "SampleApp\SampleApp.Windows\SampleApp.Windows.csproj", "{B72679E1-6BAE-4E53-ADBF-FA03ED4B771B}"
EndProject
Project("{9A19103F-16F7-4668-BE54-9A1E7A4F7556}") = "SignalPlot", "SignalPlot\SignalPlot.csproj", "{44C6992D-EAA0-4F8E-9F0B-6C67016113AE}"
EndProject
Project("{9A19103F-16F7-4668-BE54-9A1E7A4F7556}") = "SignalPlot.Data", "SignalPlot.Data\SignalPlot.Data.csproj", "{1149632A-E5D9-41C0-9C3A-0CE1AEA16A86}"
EndProject
Project("{2150E333-8FDC-42A3-9474-1A3956D46DE8}") = "Tests", "Tests", "{13BDC184-A055-415D-AE14-B111F51A8ABF}"
EndProject
Project("{9A19103F-16F7-4668-BE54-9A1E7A4F7556}") = "SignalPlot.Data.Tests", "SignalPlot.Data.Tests\SignalPlot.Data.Tests.csproj", "{F48BFCB3-58A9-43B4-868B-3643675D5EB9}"
EndProject
Project("{9A19103F-16F7-4668-BE54-9A1E7A4F7556}") = "SignalPlot.Tests", "SignalPlot.Tests\SignalPlot.Tests.csproj", "{BED35130-17AB-4244-97E4-B81A50767F4B}"
EndProject
Project("{9A19103F-16F7-4668-BE54-9A1E7A4F7556}") = "SignalPlot.UiTests", "SignalPlot.UiTests\SignalPlot.UiTests.csproj", "{A9D0DBD2-73BA-4CEC-BAE9-E77AAACF6786}"
EndProject
Global
	GlobalSection(SolutionConfigurationPlatforms) = preSolution
		Debug|Any CPU = Debug|Any CPU
		Debug|arm64 = Debug|arm64
		Debug|x64 = Debug|x64
		Debug|x86 = Debug|x86
		Release|Any CPU = Release|Any CPU
		Release|arm64 = Release|arm64
		Release|x64 = Release|x64
		Release|x86 = Release|x86
	EndGlobalSection
	GlobalSection(ProjectConfigurationPlatforms) = postSolution
		{9E6C7C4D-3B61-4E62-992F-FC0A6C75EAD7}.Debug|Any CPU.ActiveCfg = Debug|Any CPU
		{9E6C7C4D-3B61-4E62-992F-FC0A6C75EAD7}.Debug|Any CPU.Build.0 = Debug|Any CPU
		{9E6C7C4D-3B61-4E62-992F-FC0A6C75EAD7}.Debug|arm64.ActiveCfg = Debug|Any CPU
		{9E6C7C4D-3B61-4E62-992F-FC0A6C75EAD7}.Debug|arm64.Build.0 = Debug|Any CPU
		{9E6C7C4D-3B61-4E62-992F-FC0A6C75EAD7}.Debug|x64.ActiveCfg = Debug|Any CPU
		{9E6C7C4D-3B61-4E62-992F-FC0A6C75EAD7}.Debug|x64.Build.0 = Debug|Any CPU
		{9E6C7C4D-3B61-4E62-992F-FC0A6C75EAD7}.Debug|x86.ActiveCfg = Debug|Any CPU
		{9E6C7C4D-3B61-4E62-992F-FC0A6C75EAD7}.Debug|x86.Build.0 = Debug|Any CPU
		{9E6C7C4D-3B61-4E62-992F-FC0A6C75EAD7}.Release|Any CPU.ActiveCfg = Release|Any CPU
		{9E6C7C4D-3B61-4E62-992F-FC0A6C75EAD7}.Release|Any CPU.Build.0 = Release|Any CPU
		{9E6C7C4D-3B61-4E62-992F-FC0A6C75EAD7}.Release|arm64.ActiveCfg = Release|Any CPU
		{9E6C7C4D-3B61-4E62-992F-FC0A6C75EAD7}.Release|arm64.Build.0 = Release|Any CPU
		{9E6C7C4D-3B61-4E62-992F-FC0A6C75EAD7}.Release|x64.ActiveCfg = Release|Any CPU
		{9E6C7C4D-3B61-4E62-992F-FC0A6C75EAD7}.Release|x64.Build.0 = Release|Any CPU
		{9E6C7C4D-3B61-4E62-992F-FC0A6C75EAD7}.Release|x86.ActiveCfg = Release|Any CPU
		{9E6C7C4D-3B61-4E62-992F-FC0A6C75EAD7}.Release|x86.Build.0 = Release|Any CPU
		{000B880A-70B2-4F63-9729-02E4D201406D}.Debug|Any CPU.ActiveCfg = Debug|Any CPU
		{000B880A-70B2-4F63-9729-02E4D201406D}.Debug|Any CPU.Build.0 = Debug|Any CPU
		{000B880A-70B2-4F63-9729-02E4D201406D}.Debug|arm64.ActiveCfg = Debug|Any CPU
		{000B880A-70B2-4F63-9729-02E4D201406D}.Debug|arm64.Build.0 = Debug|Any CPU
		{000B880A-70B2-4F63-9729-02E4D201406D}.Debug|x64.ActiveCfg = Debug|Any CPU
		{000B880A-70B2-4F63-9729-02E4D201406D}.Debug|x64.Build.0 = Debug|Any CPU
		{000B880A-70B2-4F63-9729-02E4D201406D}.Debug|x86.ActiveCfg = Debug|Any CPU
		{000B880A-70B2-4F63-9729-02E4D201406D}.Debug|x86.Build.0 = Debug|Any CPU
		{000B880A-70B2-4F63-9729-02E4D201406D}.Release|Any CPU.ActiveCfg = Release|Any CPU
		{000B880A-70B2-4F63-9729-02E4D201406D}.Release|Any CPU.Build.0 = Release|Any CPU
		{000B880A-70B2-4F63-9729-02E4D201406D}.Release|arm64.ActiveCfg = Release|Any CPU
		{000B880A-70B2-4F63-9729-02E4D201406D}.Release|arm64.Build.0 = Release|Any CPU
		{000B880A-70B2-4F63-9729-02E4D201406D}.Release|x64.ActiveCfg = Release|Any CPU
		{000B880A-70B2-4F63-9729-02E4D201406D}.Release|x64.Build.0 = Release|Any CPU
		{000B880A-70B2-4F63-9729-02E4D201406D}.Release|x86.ActiveCfg = Release|Any CPU
		{000B880A-70B2-4F63-9729-02E4D201406D}.Release|x86.Build.0 = Release|Any CPU
		{B72679E1-6BAE-4E53-ADBF-FA03ED4B771B}.Debug|Any CPU.ActiveCfg = Debug|x64
		{B72679E1-6BAE-4E53-ADBF-FA03ED4B771B}.Debug|Any CPU.Build.0 = Debug|x64
		{B72679E1-6BAE-4E53-ADBF-FA03ED4B771B}.Debug|Any CPU.Deploy.0 = Debug|x64
		{B72679E1-6BAE-4E53-ADBF-FA03ED4B771B}.Debug|arm64.ActiveCfg = Debug|arm64
		{B72679E1-6BAE-4E53-ADBF-FA03ED4B771B}.Debug|arm64.Build.0 = Debug|arm64
		{B72679E1-6BAE-4E53-ADBF-FA03ED4B771B}.Debug|arm64.Deploy.0 = Debug|arm64
		{B72679E1-6BAE-4E53-ADBF-FA03ED4B771B}.Debug|x64.ActiveCfg = Debug|x64
		{B72679E1-6BAE-4E53-ADBF-FA03ED4B771B}.Debug|x64.Build.0 = Debug|x64
		{B72679E1-6BAE-4E53-ADBF-FA03ED4B771B}.Debug|x64.Deploy.0 = Debug|x64
		{B72679E1-6BAE-4E53-ADBF-FA03ED4B771B}.Debug|x86.ActiveCfg = Debug|x86
		{B72679E1-6BAE-4E53-ADBF-FA03ED4B771B}.Debug|x86.Build.0 = Debug|x86
		{B72679E1-6BAE-4E53-ADBF-FA03ED4B771B}.Debug|x86.Deploy.0 = Debug|x86
		{B72679E1-6BAE-4E53-ADBF-FA03ED4B771B}.Release|Any CPU.ActiveCfg = Release|x64
		{B72679E1-6BAE-4E53-ADBF-FA03ED4B771B}.Release|Any CPU.Build.0 = Release|x64
		{B72679E1-6BAE-4E53-ADBF-FA03ED4B771B}.Release|Any CPU.Deploy.0 = Release|x64
		{B72679E1-6BAE-4E53-ADBF-FA03ED4B771B}.Release|arm64.ActiveCfg = Release|arm64
		{B72679E1-6BAE-4E53-ADBF-FA03ED4B771B}.Release|arm64.Build.0 = Release|arm64
		{B72679E1-6BAE-4E53-ADBF-FA03ED4B771B}.Release|arm64.Deploy.0 = Release|arm64
		{B72679E1-6BAE-4E53-ADBF-FA03ED4B771B}.Release|x64.ActiveCfg = Release|x64
		{B72679E1-6BAE-4E53-ADBF-FA03ED4B771B}.Release|x64.Build.0 = Release|x64
		{B72679E1-6BAE-4E53-ADBF-FA03ED4B771B}.Release|x64.Deploy.0 = Release|x64
		{B72679E1-6BAE-4E53-ADBF-FA03ED4B771B}.Release|x86.ActiveCfg = Release|x86
		{B72679E1-6BAE-4E53-ADBF-FA03ED4B771B}.Release|x86.Build.0 = Release|x86
		{B72679E1-6BAE-4E53-ADBF-FA03ED4B771B}.Release|x86.Deploy.0 = Release|x86
		{44C6992D-EAA0-4F8E-9F0B-6C67016113AE}.Debug|Any CPU.ActiveCfg = Debug|Any CPU
		{44C6992D-EAA0-4F8E-9F0B-6C67016113AE}.Debug|Any CPU.Build.0 = Debug|Any CPU
		{44C6992D-EAA0-4F8E-9F0B-6C67016113AE}.Debug|arm64.ActiveCfg = Debug|Any CPU
		{44C6992D-EAA0-4F8E-9F0B-6C67016113AE}.Debug|arm64.Build.0 = Debug|Any CPU
		{44C6992D-EAA0-4F8E-9F0B-6C67016113AE}.Debug|x64.ActiveCfg = Debug|Any CPU
		{44C6992D-EAA0-4F8E-9F0B-6C67016113AE}.Debug|x64.Build.0 = Debug|Any CPU
		{44C6992D-EAA0-4F8E-9F0B-6C67016113AE}.Debug|x86.ActiveCfg = Debug|Any CPU
		{44C6992D-EAA0-4F8E-9F0B-6C67016113AE}.Debug|x86.Build.0 = Debug|Any CPU
		{44C6992D-EAA0-4F8E-9F0B-6C67016113AE}.Release|Any CPU.ActiveCfg = Release|Any CPU
		{44C6992D-EAA0-4F8E-9F0B-6C67016113AE}.Release|Any CPU.Build.0 = Release|Any CPU
		{44C6992D-EAA0-4F8E-9F0B-6C67016113AE}.Release|arm64.ActiveCfg = Release|Any CPU
		{44C6992D-EAA0-4F8E-9F0B-6C67016113AE}.Release|arm64.Build.0 = Release|Any CPU
		{44C6992D-EAA0-4F8E-9F0B-6C67016113AE}.Release|x64.ActiveCfg = Release|Any CPU
		{44C6992D-EAA0-4F8E-9F0B-6C67016113AE}.Release|x64.Build.0 = Release|Any CPU
		{44C6992D-EAA0-4F8E-9F0B-6C67016113AE}.Release|x86.ActiveCfg = Release|Any CPU
		{44C6992D-EAA0-4F8E-9F0B-6C67016113AE}.Release|x86.Build.0 = Release|Any CPU
		{1149632A-E5D9-41C0-9C3A-0CE1AEA16A86}.Debug|Any CPU.ActiveCfg = Debug|Any CPU
		{1149632A-E5D9-41C0-9C3A-0CE1AEA16A86}.Debug|Any CPU.Build.0 = Debug|Any CPU
		{1149632A-E5D9-41C0-9C3A-0CE1AEA16A86}.Debug|arm64.ActiveCfg = Debug|Any CPU
		{1149632A-E5D9-41C0-9C3A-0CE1AEA16A86}.Debug|arm64.Build.0 = Debug|Any CPU
		{1149632A-E5D9-41C0-9C3A-0CE1AEA16A86}.Debug|x64.ActiveCfg = Debug|Any CPU
		{1149632A-E5D9-41C0-9C3A-0CE1AEA16A86}.Debug|x64.Build.0 = Debug|Any CPU
		{1149632A-E5D9-41C0-9C3A-0CE1AEA16A86}.Debug|x86.ActiveCfg = Debug|Any CPU
		{1149632A-E5D9-41C0-9C3A-0CE1AEA16A86}.Debug|x86.Build.0 = Debug|Any CPU
		{1149632A-E5D9-41C0-9C3A-0CE1AEA16A86}.Release|Any CPU.ActiveCfg = Release|Any CPU
		{1149632A-E5D9-41C0-9C3A-0CE1AEA16A86}.Release|Any CPU.Build.0 = Release|Any CPU
		{1149632A-E5D9-41C0-9C3A-0CE1AEA16A86}.Release|arm64.ActiveCfg = Release|Any CPU
		{1149632A-E5D9-41C0-9C3A-0CE1AEA16A86}.Release|arm64.Build.0 = Release|Any CPU
		{1149632A-E5D9-41C0-9C3A-0CE1AEA16A86}.Release|x64.ActiveCfg = Release|Any CPU
		{1149632A-E5D9-41C0-9C3A-0CE1AEA16A86}.Release|x64.Build.0 = Release|Any CPU
		{1149632A-E5D9-41C0-9C3A-0CE1AEA16A86}.Release|x86.ActiveCfg = Release|Any CPU
		{1149632A-E5D9-41C0-9C3A-0CE1AEA16A86}.Release|x86.Build.0 = Release|Any CPU
		{F48BFCB3-58A9-43B4-868B-3643675D5EB9}.Debug|Any CPU.ActiveCfg = Debug|Any CPU
		{F48BFCB3-58A9-43B4-868B-3643675D5EB9}.Debug|Any CPU.Build.0 = Debug|Any CPU
		{F48BFCB3-58A9-43B4-868B-3643675D5EB9}.Debug|arm64.ActiveCfg = Debug|Any CPU
		{F48BFCB3-58A9-43B4-868B-3643675D5EB9}.Debug|arm64.Build.0 = Debug|Any CPU
		{F48BFCB3-58A9-43B4-868B-3643675D5EB9}.Debug|x64.ActiveCfg = Debug|Any CPU
		{F48BFCB3-58A9-43B4-868B-3643675D5EB9}.Debug|x64.Build.0 = Debug|Any CPU
		{F48BFCB3-58A9-43B4-868B-3643675D5EB9}.Debug|x86.ActiveCfg = Debug|Any CPU
		{F48BFCB3-58A9-43B4-868B-3643675D5EB9}.Debug|x86.Build.0 = Debug|Any CPU
		{F48BFCB3-58A9-43B4-868B-3643675D5EB9}.Release|Any CPU.ActiveCfg = Release|Any CPU
		{F48BFCB3-58A9-43B4-868B-3643675D5EB9}.Release|Any CPU.Build.0 = Release|Any CPU
		{F48BFCB3-58A9-43B4-868B-3643675D5EB9}.Release|arm64.ActiveCfg = Release|Any CPU
		{F48BFCB3-58A9-43B4-868B-3643675D5EB9}.Release|arm64.Build.0 = Release|Any CPU
		{F48BFCB3-58A9-43B4-868B-3643675D5EB9}.Release|x64.ActiveCfg = Release|Any CPU
		{F48BFCB3-58A9-43B4-868B-3643675D5EB9}.Release|x64.Build.0 = Release|Any CPU
		{F48BFCB3-58A9-43B4-868B-3643675D5EB9}.Release|x86.ActiveCfg = Release|Any CPU
		{F48BFCB3-58A9-43B4-868B-3643675D5EB9}.Release|x86.Build.0 = Release|Any CPU
		{BED35130-17AB-4244-97E4-B81A50767F4B}.Debug|Any CPU.ActiveCfg = Debug|Any CPU
		{BED35130-17AB-4244-97E4-B81A50767F4B}.Debug|Any CPU.Build.0 = Debug|Any CPU
		{BED35130-17AB-4244-97E4-B81A50767F4B}.Debug|arm64.ActiveCfg = Debug|Any CPU
		{BED35130-17AB-4244-97E4-B81A50767F4B}.Debug|arm64.Build.0 = Debug|Any CPU
		{BED35130-17AB-4244-97E4-B81A50767F4B}.Debug|x64.ActiveCfg = Debug|Any CPU
		{BED35130-17AB-4244-97E4-B81A50767F4B}.Debug|x64.Build.0 = Debug|Any CPU
		{BED35130-17AB-4244-97E4-B81A50767F4B}.Debug|x86.ActiveCfg = Debug|Any CPU
		{BED35130-17AB-4244-97E4-B81A50767F4B}.Debug|x86.Build.0 = Debug|Any CPU
		{BED35130-17AB-4244-97E4-B81A50767F4B}.Release|Any CPU.ActiveCfg = Release|Any CPU
		{BED35130-17AB-4244-97E4-B81A50767F4B}.Release|Any CPU.Build.0 = Release|Any CPU
		{BED35130-17AB-4244-97E4-B81A50767F4B}.Release|arm64.ActiveCfg = Release|Any CPU
		{BED35130-17AB-4244-97E4-B81A50767F4B}.Release|arm64.Build.0 = Release|Any CPU
		{BED35130-17AB-4244-97E4-B81A50767F4B}.Release|x64.ActiveCfg = Release|Any CPU
		{BED35130-17AB-4244-97E4-B81A50767F4B}.Release|x64.Build.0 = Release|Any CPU
		{BED35130-17AB-4244-97E4-B81A50767F4B}.Release|x86.ActiveCfg = Release|Any CPU
		{BED35130-17AB-4244-97E4-B81A50767F4B}.Release|x86.Build.0 = Release|Any CPU
		{A9D0DBD2-73BA-4CEC-BAE9-E77AAACF6786}.Debug|Any CPU.ActiveCfg = Debug|Any CPU
		{A9D0DBD2-73BA-4CEC-BAE9-E77AAACF6786}.Debug|Any CPU.Build.0 = Debug|Any CPU
		{A9D0DBD2-73BA-4CEC-BAE9-E77AAACF6786}.Debug|arm64.ActiveCfg = Debug|Any CPU
		{A9D0DBD2-73BA-4CEC-BAE9-E77AAACF6786}.Debug|arm64.Build.0 = Debug|Any CPU
		{A9D0DBD2-73BA-4CEC-BAE9-E77AAACF6786}.Debug|x64.ActiveCfg = Debug|Any CPU
		{A9D0DBD2-73BA-4CEC-BAE9-E77AAACF6786}.Debug|x64.Build.0 = Debug|Any CPU
		{A9D0DBD2-73BA-4CEC-BAE9-E77AAACF6786}.Debug|x86.ActiveCfg = Debug|Any CPU
		{A9D0DBD2-73BA-4CEC-BAE9-E77AAACF6786}.Debug|x86.Build.0 = Debug|Any CPU
		{A9D0DBD2-73BA-4CEC-BAE9-E77AAACF6786}.Release|Any CPU.ActiveCfg = Release|Any CPU
		{A9D0DBD2-73BA-4CEC-BAE9-E77AAACF6786}.Release|Any CPU.Build.0 = Release|Any CPU
		{A9D0DBD2-73BA-4CEC-BAE9-E77AAACF6786}.Release|arm64.ActiveCfg = Release|Any CPU
		{A9D0DBD2-73BA-4CEC-BAE9-E77AAACF6786}.Release|arm64.Build.0 = Release|Any CPU
		{A9D0DBD2-73BA-4CEC-BAE9-E77AAACF6786}.Release|x64.ActiveCfg = Release|Any CPU
		{A9D0DBD2-73BA-4CEC-BAE9-E77AAACF6786}.Release|x64.Build.0 = Release|Any CPU
		{A9D0DBD2-73BA-4CEC-BAE9-E77AAACF6786}.Release|x86.ActiveCfg = Release|Any CPU
		{A9D0DBD2-73BA-4CEC-BAE9-E77AAACF6786}.Release|x86.Build.0 = Release|Any CPU
	EndGlobalSection
	GlobalSection(SolutionProperties) = preSolution
		HideSolutionNode = FALSE
	EndGlobalSection
	GlobalSection(NestedProjects) = preSolution
		{000B880A-70B2-4F63-9729-02E4D201406D} = {B2C9DCC7-C6D0-4448-BA04-399B4728824E}
		{B72679E1-6BAE-4E53-ADBF-FA03ED4B771B} = {B2C9DCC7-C6D0-4448-BA04-399B4728824E}
		{F48BFCB3-58A9-43B4-868B-3643675D5EB9} = {13BDC184-A055-415D-AE14-B111F51A8ABF}
		{BED35130-17AB-4244-97E4-B81A50767F4B} = {13BDC184-A055-415D-AE14-B111F51A8ABF}
		{A9D0DBD2-73BA-4CEC-BAE9-E77AAACF6786} = {13BDC184-A055-415D-AE14-B111F51A8ABF}
	EndGlobalSection
	GlobalSection(ExtensibilityGlobals) = postSolution
		SolutionGuid = {69B2D045-984E-4233-8690-4A3C9D28D40E}
	EndGlobalSection
EndGlobal
